
Microsoft Visual Studio Solution File, Format Version 12.00
Project("{FAE04EC0-301F-11D3-BF4B-00C04F79EFBC}") = "CivitaiFirehose", "CivitaiFirehose\CivitaiFirehose.csproj", "{1E3AE4F5-3E6D-42EC-8440-05E7A4065B7B}"
EndProject
Global
	GlobalSection(SolutionConfigurationPlatforms) = preSolution
		Debug|Any CPU = Debug|Any CPU
		Release|Any CPU = Release|Any CPU
	EndGlobalSection
	GlobalSection(ProjectConfigurationPlatforms) = postSolution
		{1E3AE4F5-3E6D-42EC-8440-05E7A4065B7B}.Debug|Any CPU.ActiveCfg = Debug|Any CPU
		{1E3AE4F5-3E6D-42EC-8440-05E7A4065B7B}.Debug|Any CPU.Build.0 = Debug|Any CPU
		{1E3AE4F5-3E6D-42EC-8440-05E7A4065B7B}.Release|Any CPU.ActiveCfg = Release|Any CPU
		{1E3AE4F5-3E6D-42EC-8440-05E7A4065B7B}.Release|Any CPU.Build.0 = Release|Any CPU
	EndGlobalSection
EndGlobal
